// !$*UTF8*$!
{
	archiveVersion = 1;
	classes = {
	};
	objectVersion = 46;
	objects = {

/* Begin PBXBuildFile section */
		D310A3E21BE94339007856EA /* AppDelegate.swift in Sources */ = {isa = PBXBuildFile; fileRef = D310A3E11BE94339007856EA /* AppDelegate.swift */; };
		D310A3E41BE94339007856EA /* ViewController.swift in Sources */ = {isa = PBXBuildFile; fileRef = D310A3E31BE94339007856EA /* ViewController.swift */; };
		D310A3E71BE94339007856EA /* Main.storyboard in Resources */ = {isa = PBXBuildFile; fileRef = D310A3E51BE94339007856EA /* Main.storyboard */; };
		D310A3E91BE94339007856EA /* Assets.xcassets in Resources */ = {isa = PBXBuildFile; fileRef = D310A3E81BE94339007856EA /* Assets.xcassets */; };
		D310A3EC1BE94339007856EA /* LaunchScreen.storyboard in Resources */ = {isa = PBXBuildFile; fileRef = D310A3EA1BE94339007856EA /* LaunchScreen.storyboard */; };
		D310A3F71BE94339007856EA /* Exercise_Pushing_To_GitHubTests.swift in Sources */ = {isa = PBXBuildFile; fileRef = D310A3F61BE94339007856EA /* Exercise_Pushing_To_GitHubTests.swift */; };
		D310A4021BE94339007856EA /* Exercise_Pushing_To_GitHubUITests.swift in Sources */ = {isa = PBXBuildFile; fileRef = D310A4011BE94339007856EA /* Exercise_Pushing_To_GitHubUITests.swift */; };
/* End PBXBuildFile section */

/* Begin PBXContainerItemProxy section */
		D310A3F31BE94339007856EA /* PBXContainerItemProxy */ = {
			isa = PBXContainerItemProxy;
			containerPortal = D310A3D61BE94339007856EA /* Project object */;
			proxyType = 1;
			remoteGlobalIDString = D310A3DD1BE94339007856EA;
			remoteInfo = "Exercise-Pushing-To-GitHub";
		};
		D310A3FE1BE94339007856EA /* PBXContainerItemProxy */ = {
			isa = PBXContainerItemProxy;
			containerPortal = D310A3D61BE94339007856EA /* Project object */;
			proxyType = 1;
			remoteGlobalIDString = D310A3DD1BE94339007856EA;
			remoteInfo = "Exercise-Pushing-To-GitHub";
		};
/* End PBXContainerItemProxy section */

/* Begin PBXFileReference section */
		D310A3DE1BE94339007856EA /* Exercise-Pushing-To-GitHub.app */ = {isa = PBXFileReference; explicitFileType = wrapper.application; includeInIndex = 0; path = "Exercise-Pushing-To-GitHub.app"; sourceTree = BUILT_PRODUCTS_DIR; };
		D310A3E11BE94339007856EA /* AppDelegate.swift */ = {isa = PBXFileReference; lastKnownFileType = sourcecode.swift; path = AppDelegate.swift; sourceTree = "<group>"; };
		D310A3E31BE94339007856EA /* ViewController.swift */ = {isa = PBXFileReference; lastKnownFileType = sourcecode.swift; path = ViewController.swift; sourceTree = "<group>"; };
		D310A3E61BE94339007856EA /* Base */ = {isa = PBXFileReference; lastKnownFileType = file.storyboard; name = Base; path = Base.lproj/Main.storyboard; sourceTree = "<group>"; };
		D310A3E81BE94339007856EA /* Assets.xcassets */ = {isa = PBXFileReference; lastKnownFileType = folder.assetcatalog; path = Assets.xcassets; sourceTree = "<group>"; };
		D310A3EB1BE94339007856EA /* Base */ = {isa = PBXFileReference; lastKnownFileType = file.storyboard; name = Base; path = Base.lproj/LaunchScreen.storyboard; sourceTree = "<group>"; };
		D310A3ED1BE94339007856EA /* Info.plist */ = {isa = PBXFileReference; lastKnownFileType = text.plist.xml; path = Info.plist; sourceTree = "<group>"; };
		D310A3F21BE94339007856EA /* Exercise-Pushing-To-GitHubTests.xctest */ = {isa = PBXFileReference; explicitFileType = wrapper.cfbundle; includeInIndex = 0; path = "Exercise-Pushing-To-GitHubTests.xctest"; sourceTree = BUILT_PRODUCTS_DIR; };
		D310A3F61BE94339007856EA /* Exercise_Pushing_To_GitHubTests.swift */ = {isa = PBXFileReference; lastKnownFileType = sourcecode.swift; path = Exercise_Pushing_To_GitHubTests.swift; sourceTree = "<group>"; };
		D310A3F81BE94339007856EA /* Info.plist */ = {isa = PBXFileReference; lastKnownFileType = text.plist.xml; path = Info.plist; sourceTree = "<group>"; };
		D310A3FD1BE94339007856EA /* Exercise-Pushing-To-GitHubUITests.xctest */ = {isa = PBXFileReference; explicitFileType = wrapper.cfbundle; includeInIndex = 0; path = "Exercise-Pushing-To-GitHubUITests.xctest"; sourceTree = BUILT_PRODUCTS_DIR; };
		D310A4011BE94339007856EA /* Exercise_Pushing_To_GitHubUITests.swift */ = {isa = PBXFileReference; lastKnownFileType = sourcecode.swift; path = Exercise_Pushing_To_GitHubUITests.swift; sourceTree = "<group>"; };
		D310A4031BE94339007856EA /* Info.plist */ = {isa = PBXFileReference; lastKnownFileType = text.plist.xml; path = Info.plist; sourceTree = "<group>"; };
/* End PBXFileReference section */

/* Begin PBXFrameworksBuildPhase section */
		D310A3DB1BE94339007856EA /* Frameworks */ = {
			isa = PBXFrameworksBuildPhase;
			buildActionMask = 2147483647;
			files = (
			);
			runOnlyForDeploymentPostprocessing = 0;
		};
		D310A3EF1BE94339007856EA /* Frameworks */ = {
			isa = PBXFrameworksBuildPhase;
			buildActionMask = 2147483647;
			files = (
			);
			runOnlyForDeploymentPostprocessing = 0;
		};
		D310A3FA1BE94339007856EA /* Frameworks */ = {
			isa = PBXFrameworksBuildPhase;
			buildActionMask = 2147483647;
			files = (
			);
			runOnlyForDeploymentPostprocessing = 0;
		};
/* End PBXFrameworksBuildPhase section */

/* Begin PBXGroup section */
		D310A3D51BE94339007856EA = {
			isa = PBXGroup;
			children = (
				D310A3E01BE94339007856EA /* Exercise-Pushing-To-GitHub */,
				D310A3F51BE94339007856EA /* Exercise-Pushing-To-GitHubTests */,
				D310A4001BE94339007856EA /* Exercise-Pushing-To-GitHubUITests */,
				D310A3DF1BE94339007856EA /* Products */,
			);
			sourceTree = "<group>";
		};
		D310A3DF1BE94339007856EA /* Products */ = {
			isa = PBXGroup;
			children = (
				D310A3DE1BE94339007856EA /* Exercise-Pushing-To-GitHub.app */,
				D310A3F21BE94339007856EA /* Exercise-Pushing-To-GitHubTests.xctest */,
				D310A3FD1BE94339007856EA /* Exercise-Pushing-To-GitHubUITests.xctest */,
			);
			name = Products;
			sourceTree = "<group>";
		};
		D310A3E01BE94339007856EA /* Exercise-Pushing-To-GitHub */ = {
			isa = PBXGroup;
			children = (
				D310A3E11BE94339007856EA /* AppDelegate.swift */,
				D310A3E31BE94339007856EA /* ViewController.swift */,
				D310A3E51BE94339007856EA /* Main.storyboard */,
				D310A3E81BE94339007856EA /* Assets.xcassets */,
				D310A3EA1BE94339007856EA /* LaunchScreen.storyboard */,
				D310A3ED1BE94339007856EA /* Info.plist */,
			);
			path = "Exercise-Pushing-To-GitHub";
			sourceTree = "<group>";
		};
		D310A3F51BE94339007856EA /* Exercise-Pushing-To-GitHubTests */ = {
			isa = PBXGroup;
			children = (
				D310A3F61BE94339007856EA /* Exercise_Pushing_To_GitHubTests.swift */,
				D310A3F81BE94339007856EA /* Info.plist */,
			);
			path = "Exercise-Pushing-To-GitHubTests";
			sourceTree = "<group>";
		};
		D310A4001BE94339007856EA /* Exercise-Pushing-To-GitHubUITests */ = {
			isa = PBXGroup;
			children = (
				D310A4011BE94339007856EA /* Exercise_Pushing_To_GitHubUITests.swift */,
				D310A4031BE94339007856EA /* Info.plist */,
			);
			path = "Exercise-Pushing-To-GitHubUITests";
			sourceTree = "<group>";
		};
/* End PBXGroup section */

/* Begin PBXNativeTarget section */
		D310A3DD1BE94339007856EA /* Exercise-Pushing-To-GitHub */ = {
			isa = PBXNativeTarget;
			buildConfigurationList = D310A4061BE94339007856EA /* Build configuration list for PBXNativeTarget "Exercise-Pushing-To-GitHub" */;
			buildPhases = (
				D310A3DA1BE94339007856EA /* Sources */,
				D310A3DB1BE94339007856EA /* Frameworks */,
				D310A3DC1BE94339007856EA /* Resources */,
			);
			buildRules = (
			);
			dependencies = (
			);
			name = "Exercise-Pushing-To-GitHub";
			productName = "Exercise-Pushing-To-GitHub";
			productReference = D310A3DE1BE94339007856EA /* Exercise-Pushing-To-GitHub.app */;
			productType = "com.apple.product-type.application";
		};
		D310A3F11BE94339007856EA /* Exercise-Pushing-To-GitHubTests */ = {
			isa = PBXNativeTarget;
			buildConfigurationList = D310A4091BE94339007856EA /* Build configuration list for PBXNativeTarget "Exercise-Pushing-To-GitHubTests" */;
			buildPhases = (
				D310A3EE1BE94339007856EA /* Sources */,
				D310A3EF1BE94339007856EA /* Frameworks */,
				D310A3F01BE94339007856EA /* Resources */,
			);
			buildRules = (
			);
			dependencies = (
				D310A3F41BE94339007856EA /* PBXTargetDependency */,
			);
			name = "Exercise-Pushing-To-GitHubTests";
			productName = "Exercise-Pushing-To-GitHubTests";
			productReference = D310A3F21BE94339007856EA /* Exercise-Pushing-To-GitHubTests.xctest */;
			productType = "com.apple.product-type.bundle.unit-test";
		};
		D310A3FC1BE94339007856EA /* Exercise-Pushing-To-GitHubUITests */ = {
			isa = PBXNativeTarget;
			buildConfigurationList = D310A40C1BE94339007856EA /* Build configuration list for PBXNativeTarget "Exercise-Pushing-To-GitHubUITests" */;
			buildPhases = (
				D310A3F91BE94339007856EA /* Sources */,
				D310A3FA1BE94339007856EA /* Frameworks */,
				D310A3FB1BE94339007856EA /* Resources */,
			);
			buildRules = (
			);
			dependencies = (
				D310A3FF1BE94339007856EA /* PBXTargetDependency */,
			);
			name = "Exercise-Pushing-To-GitHubUITests";
			productName = "Exercise-Pushing-To-GitHubUITests";
			productReference = D310A3FD1BE94339007856EA /* Exercise-Pushing-To-GitHubUITests.xctest */;
			productType = "com.apple.product-type.bundle.ui-testing";
		};
/* End PBXNativeTarget section */

/* Begin PBXProject section */
		D310A3D61BE94339007856EA /* Project object */ = {
			isa = PBXProject;
			attributes = {
				LastSwiftUpdateCheck = 0710;
				LastUpgradeCheck = 0710;
				ORGANIZATIONNAME = CloudTekApps;
				TargetAttributes = {
					D310A3DD1BE94339007856EA = {
						CreatedOnToolsVersion = 7.1;
					};
					D310A3F11BE94339007856EA = {
						CreatedOnToolsVersion = 7.1;
						TestTargetID = D310A3DD1BE94339007856EA;
					};
					D310A3FC1BE94339007856EA = {
						CreatedOnToolsVersion = 7.1;
						TestTargetID = D310A3DD1BE94339007856EA;
					};
				};
			};
			buildConfigurationList = D310A3D91BE94339007856EA /* Build configuration list for PBXProject "Exercise-Pushing-To-GitHub" */;
			compatibilityVersion = "Xcode 3.2";
			developmentRegion = English;
			hasScannedForEncodings = 0;
			knownRegions = (
				en,
				Base,
			);
			mainGroup = D310A3D51BE94339007856EA;
			productRefGroup = D310A3DF1BE94339007856EA /* Products */;
			projectDirPath = "";
			projectRoot = "";
			targets = (
				D310A3DD1BE94339007856EA /* Exercise-Pushing-To-GitHub */,
				D310A3F11BE94339007856EA /* Exercise-Pushing-To-GitHubTests */,
				D310A3FC1BE94339007856EA /* Exercise-Pushing-To-GitHubUITests */,
			);
		};
/* End PBXProject section */

/* Begin PBXResourcesBuildPhase section */
		D310A3DC1BE94339007856EA /* Resources */ = {
			isa = PBXResourcesBuildPhase;
			buildActionMask = 2147483647;
			files = (
				D310A3EC1BE94339007856EA /* LaunchScreen.storyboard in Resources */,
				D310A3E91BE94339007856EA /* Assets.xcassets in Resources */,
				D310A3E71BE94339007856EA /* Main.storyboard in Resources */,
			);
			runOnlyForDeploymentPostprocessing = 0;
		};
		D310A3F01BE94339007856EA /* Resources */ = {
			isa = PBXResourcesBuildPhase;
			buildActionMask = 2147483647;
			files = (
			);
			runOnlyForDeploymentPostprocessing = 0;
		};
		D310A3FB1BE94339007856EA /* Resources */ = {
			isa = PBXResourcesBuildPhase;
			buildActionMask = 2147483647;
			files = (
			);
			runOnlyForDeploymentPostprocessing = 0;
		};
/* End PBXResourcesBuildPhase section */

/* Begin PBXSourcesBuildPhase section */
		D310A3DA1BE94339007856EA /* Sources */ = {
			isa = PBXSourcesBuildPhase;
			buildActionMask = 2147483647;
			files = (
				D310A3E41BE94339007856EA /* ViewController.swift in Sources */,
				D310A3E21BE94339007856EA /* AppDelegate.swift in Sources */,
			);
			runOnlyForDeploymentPostprocessing = 0;
		};
		D310A3EE1BE94339007856EA /* Sources */ = {
			isa = PBXSourcesBuildPhase;
			buildActionMask = 2147483647;
			files = (
				D310A3F71BE94339007856EA /* Exercise_Pushing_To_GitHubTests.swift in Sources */,
			);
			runOnlyForDeploymentPostprocessing = 0;
		};
		D310A3F91BE94339007856EA /* Sources */ = {
			isa = PBXSourcesBuildPhase;
			buildActionMask = 2147483647;
			files = (
				D310A4021BE94339007856EA /* Exercise_Pushing_To_GitHubUITests.swift in Sources */,
			);
			runOnlyForDeploymentPostprocessing = 0;
		};
/* End PBXSourcesBuildPhase section */

/* Begin PBXTargetDependency section */
		D310A3F41BE94339007856EA /* PBXTargetDependency */ = {
			isa = PBXTargetDependency;
			target = D310A3DD1BE94339007856EA /* Exercise-Pushing-To-GitHub */;
			targetProxy = D310A3F31BE94339007856EA /* PBXContainerItemProxy */;
		};
		D310A3FF1BE94339007856EA /* PBXTargetDependency */ = {
			isa = PBXTargetDependency;
			target = D310A3DD1BE94339007856EA /* Exercise-Pushing-To-GitHub */;
			targetProxy = D310A3FE1BE94339007856EA /* PBXContainerItemProxy */;
		};
/* End PBXTargetDependency section */

/* Begin PBXVariantGroup section */
		D310A3E51BE94339007856EA /* Main.storyboard */ = {
			isa = PBXVariantGroup;
			children = (
				D310A3E61BE94339007856EA /* Base */,
			);
			name = Main.storyboard;
			sourceTree = "<group>";
		};
		D310A3EA1BE94339007856EA /* LaunchScreen.storyboard */ = {
			isa = PBXVariantGroup;
			children = (
				D310A3EB1BE94339007856EA /* Base */,
			);
			name = LaunchScreen.storyboard;
			sourceTree = "<group>";
		};
/* End PBXVariantGroup section */

/* Begin XCBuildConfiguration section */
		D310A4041BE94339007856EA /* Debug */ = {
			isa = XCBuildConfiguration;
			buildSettings = {
				ALWAYS_SEARCH_USER_PATHS = NO;
				CLANG_CXX_LANGUAGE_STANDARD = "gnu++0x";
				CLANG_CXX_LIBRARY = "libc++";
				CLANG_ENABLE_MODULES = YES;
				CLANG_ENABLE_OBJC_ARC = YES;
				CLANG_WARN_BOOL_CONVERSION = YES;
				CLANG_WARN_CONSTANT_CONVERSION = YES;
				CLANG_WARN_DIRECT_OBJC_ISA_USAGE = YES_ERROR;
				CLANG_WARN_EMPTY_BODY = YES;
				CLANG_WARN_ENUM_CONVERSION = YES;
				CLANG_WARN_INT_CONVERSION = YES;
				CLANG_WARN_OBJC_ROOT_CLASS = YES_ERROR;
				CLANG_WARN_UNREACHABLE_CODE = YES;
				CLANG_WARN__DUPLICATE_METHOD_MATCH = YES;
				"CODE_SIGN_IDENTITY[sdk=iphoneos*]" = "iPhone Developer";
				COPY_PHASE_STRIP = NO;
				DEBUG_INFORMATION_FORMAT = dwarf;
				ENABLE_STRICT_OBJC_MSGSEND = YES;
				ENABLE_TESTABILITY = YES;
				GCC_C_LANGUAGE_STANDARD = gnu99;
				GCC_DYNAMIC_NO_PIC = NO;
				GCC_NO_COMMON_BLOCKS = YES;
				GCC_OPTIMIZATION_LEVEL = 0;
				GCC_PREPROCESSOR_DEFINITIONS = (
					"DEBUG=1",
					"$(inherited)",
				);
				GCC_WARN_64_TO_32_BIT_CONVERSION = YES;
				GCC_WARN_ABOUT_RETURN_TYPE = YES_ERROR;
				GCC_WARN_UNDECLARED_SELECTOR = YES;
				GCC_WARN_UNINITIALIZED_AUTOS = YES_AGGRESSIVE;
				GCC_WARN_UNUSED_FUNCTION = YES;
				GCC_WARN_UNUSED_VARIABLE = YES;
				IPHONEOS_DEPLOYMENT_TARGET = 9.1;
				MTL_ENABLE_DEBUG_INFO = YES;
				ONLY_ACTIVE_ARCH = YES;
				SDKROOT = iphoneos;
				SWIFT_OPTIMIZATION_LEVEL = "-Onone";
			};
			name = Debug;
		};
		D310A4051BE94339007856EA /* Release */ = {
			isa = XCBuildConfiguration;
			buildSettings = {
				ALWAYS_SEARCH_USER_PATHS = NO;
				CLANG_CXX_LANGUAGE_STANDARD = "gnu++0x";
				CLANG_CXX_LIBRARY = "libc++";
				CLANG_ENABLE_MODULES = YES;
				CLANG_ENABLE_OBJC_ARC = YES;
				CLANG_WARN_BOOL_CONVERSION = YES;
				CLANG_WARN_CONSTANT_CONVERSION = YES;
				CLANG_WARN_DIRECT_OBJC_ISA_USAGE = YES_ERROR;
				CLANG_WARN_EMPTY_BODY = YES;
				CLANG_WARN_ENUM_CONVERSION = YES;
				CLANG_WARN_INT_CONVERSION = YES;
				CLANG_WARN_OBJC_ROOT_CLASS = YES_ERROR;
				CLANG_WARN_UNREACHABLE_CODE = YES;
				CLANG_WARN__DUPLICATE_METHOD_MATCH = YES;
				"CODE_SIGN_IDENTITY[sdk=iphoneos*]" = "iPhone Developer";
				COPY_PHASE_STRIP = NO;
				DEBUG_INFORMATION_FORMAT = "dwarf-with-dsym";
				ENABLE_NS_ASSERTIONS = NO;
				ENABLE_STRICT_OBJC_MSGSEND = YES;
				GCC_C_LANGUAGE_STANDARD = gnu99;
				GCC_NO_COMMON_BLOCKS = YES;
				GCC_WARN_64_TO_32_BIT_CONVERSION = YES;
				GCC_WARN_ABOUT_RETURN_TYPE = YES_ERROR;
				GCC_WARN_UNDECLARED_SELECTOR = YES;
				GCC_WARN_UNINITIALIZED_AUTOS = YES_AGGRESSIVE;
				GCC_WARN_UNUSED_FUNCTION = YES;
				GCC_WARN_UNUSED_VARIABLE = YES;
				IPHONEOS_DEPLOYMENT_TARGET = 9.1;
				MTL_ENABLE_DEBUG_INFO = NO;
				SDKROOT = iphoneos;
				VALIDATE_PRODUCT = YES;
			};
			name = Release;
		};
		D310A4071BE94339007856EA /* Debug */ = {
			isa = XCBuildConfiguration;
			buildSettings = {
				ASSETCATALOG_COMPILER_APPICON_NAME = AppIcon;
				INFOPLIST_FILE = "Exercise-Pushing-To-GitHub/Info.plist";
				LD_RUNPATH_SEARCH_PATHS = "$(inherited) @executable_path/Frameworks";
				PRODUCT_BUNDLE_IDENTIFIER = "com.cloudtekapps.Exercise-Pushing-To-GitHub";
				PRODUCT_NAME = "$(TARGET_NAME)";
			};
			name = Debug;
		};
		D310A4081BE94339007856EA /* Release */ = {
			isa = XCBuildConfiguration;
			buildSettings = {
				ASSETCATALOG_COMPILER_APPICON_NAME = AppIcon;
				INFOPLIST_FILE = "Exercise-Pushing-To-GitHub/Info.plist";
				LD_RUNPATH_SEARCH_PATHS = "$(inherited) @executable_path/Frameworks";
				PRODUCT_BUNDLE_IDENTIFIER = "com.cloudtekapps.Exercise-Pushing-To-GitHub";
				PRODUCT_NAME = "$(TARGET_NAME)";
			};
			name = Release;
		};
		D310A40A1BE94339007856EA /* Debug */ = {
			isa = XCBuildConfiguration;
			buildSettings = {
				BUNDLE_LOADER = "$(TEST_HOST)";
				INFOPLIST_FILE = "Exercise-Pushing-To-GitHubTests/Info.plist";
				LD_RUNPATH_SEARCH_PATHS = "$(inherited) @executable_path/Frameworks @loader_path/Frameworks";
				PRODUCT_BUNDLE_IDENTIFIER = "com.cloudtekapps.Exercise-Pushing-To-GitHubTests";
				PRODUCT_NAME = "$(TARGET_NAME)";
				TEST_HOST = "$(BUILT_PRODUCTS_DIR)/Exercise-Pushing-To-GitHub.app/Exercise-Pushing-To-GitHub";
			};
			name = Debug;
		};
		D310A40B1BE94339007856EA /* Release */ = {
			isa = XCBuildConfiguration;
			buildSettings = {
				BUNDLE_LOADER = "$(TEST_HOST)";
				INFOPLIST_FILE = "Exercise-Pushing-To-GitHubTests/Info.plist";
				LD_RUNPATH_SEARCH_PATHS = "$(inherited) @executable_path/Frameworks @loader_path/Frameworks";
				PRODUCT_BUNDLE_IDENTIFIER = "com.cloudtekapps.Exercise-Pushing-To-GitHubTests";
				PRODUCT_NAME = "$(TARGET_NAME)";
				TEST_HOST = "$(BUILT_PRODUCTS_DIR)/Exercise-Pushing-To-GitHub.app/Exercise-Pushing-To-GitHub";
			};
			name = Release;
		};
		D310A40D1BE94339007856EA /* Debug */ = {
			isa = XCBuildConfiguration;
			buildSettings = {
				INFOPLIST_FILE = "Exercise-Pushing-To-GitHubUITests/Info.plist";
				LD_RUNPATH_SEARCH_PATHS = "$(inherited) @executable_path/Frameworks @loader_path/Frameworks";
				PRODUCT_BUNDLE_IDENTIFIER = "com.cloudtekapps.Exercise-Pushing-To-GitHubUITests";
				PRODUCT_NAME = "$(TARGET_NAME)";
				TEST_TARGET_NAME = "Exercise-Pushing-To-GitHub";
				USES_XCTRUNNER = YES;
			};
			name = Debug;
		};
		D310A40E1BE94339007856EA /* Release */ = {
			isa = XCBuildConfiguration;
			buildSettings = {
				INFOPLIST_FILE = "Exercise-Pushing-To-GitHubUITests/Info.plist";
				LD_RUNPATH_SEARCH_PATHS = "$(inherited) @executable_path/Frameworks @loader_path/Frameworks";
				PRODUCT_BUNDLE_IDENTIFIER = "com.cloudtekapps.Exercise-Pushing-To-GitHubUITests";
				PRODUCT_NAME = "$(TARGET_NAME)";
				TEST_TARGET_NAME = "Exercise-Pushing-To-GitHub";
				USES_XCTRUNNER = YES;
			};
			name = Release;
		};
/* End XCBuildConfiguration section */

/* Begin XCConfigurationList section */
		D310A3D91BE94339007856EA /* Build configuration list for PBXProject "Exercise-Pushing-To-GitHub" */ = {
			isa = XCConfigurationList;
			buildConfigurations = (
				D310A4041BE94339007856EA /* Debug */,
				D310A4051BE94339007856EA /* Release */,
			);
			defaultConfigurationIsVisible = 0;
			defaultConfigurationName = Release;
		};
		D310A4061BE94339007856EA /* Build configuration list for PBXNativeTarget "Exercise-Pushing-To-GitHub" */ = {
			isa = XCConfigurationList;
			buildConfigurations = (
				D310A4071BE94339007856EA /* Debug */,
				D310A4081BE94339007856EA /* Release */,
			);
			defaultConfigurationIsVisible = 0;
		};
		D310A4091BE94339007856EA /* Build configuration list for PBXNativeTarget "Exercise-Pushing-To-GitHubTests" */ = {
			isa = XCConfigurationList;
			buildConfigurations = (
				D310A40A1BE94339007856EA /* Debug */,
				D310A40B1BE94339007856EA /* Release */,
			);
			defaultConfigurationIsVisible = 0;
		};
		D310A40C1BE94339007856EA /* Build configuration list for PBXNativeTarget "Exercise-Pushing-To-GitHubUITests" */ = {
			isa = XCConfigurationList;
			buildConfigurations = (
				D310A40D1BE94339007856EA /* Debug */,
				D310A40E1BE94339007856EA /* Release */,
			);
			defaultConfigurationIsVisible = 0;
		};
/* End XCConfigurationList section */
	};
	rootObject = D310A3D61BE94339007856EA /* Project object */;
}
